{
    "_meta": {
        "hash": {
            "sha256": "cafb0878b982e8a50dca62af4fa0de812239aed64da0d59a21f3cbf1ec64f35a"
        },
        "pipfile-spec": 6,
        "requires": {
            "python_version": "2.7"
        },
        "sources": [
            {
                "name": "pypi",
                "url": "https://pypi.python.org/simple",
                "verify_ssl": true
            }
        ]
    },
    "default": {
        "certifi": {
            "hashes": [
                "sha256:e4f3620cfea4f83eedc95b24abd9cd56f3c4b146dd0177e83a21b4eb49e21e50",
                "sha256:fd7c7c74727ddcf00e9acd26bba8da604ffec95bf1c2144e67aff7a8b50e6cef"
            ],
            "version": "==2019.9.11"
        },
        "chardet": {
            "hashes": [
                "sha256:84ab92ed1c4d4f16916e05906b6b75a6c0fb5db821cc65e70cbd64a3e2a5eaae",
                "sha256:fc323ffcaeaed0e0a02bf4d117757b98aed530d9ed4531e3e15460124c106691"
            ],
            "version": "==3.0.4"
        },
        "cymem": {
            "hashes": [
                "sha256:00bb3645dfb9a020d735ba3d6f822b04656388180588d8b2cebde967ee678bcc",
                "sha256:043994a622efba3a79ed1707c0279d85f25bdf9a615c2709561790b659795375",
                "sha256:0dd61d05977839a922c0d797c355b98949210575918b1743b41e38ae9fb2c3a7",
                "sha256:23c20163e2e74c760259a7feee264b5eaf7879d7818ab13025b2be69d7b8b66a",
                "sha256:2957a6ccd96d48896c736014b96fae64164f9d18cf773b53cbdc1ea4eab7f4dc",
                "sha256:495bd2aaeb7650faa7c78089abd2d975194534462e1f76243b3bc8aa1d8aa202",
                "sha256:4bc1056b52d959fcbb1e0f32ec84fa131754d6be1e36b65782c6ac86419f4bf3",
                "sha256:4c5d9ca6ec706792b8d9b1faf6db77b95545c388c768b21d940f197aa7efbb7e",
                "sha256:50292f4dd0d950a8698bae27d71efe59da7ff08e591b735e08b658aae42c4745",
                "sha256:5f3fb50c7a8e6d7f599e569f1b705e41f9e2d550fad48e3a275b4f5450412216",
                "sha256:616d06333f46dd03c128d97912d361183fc02249e6420a7b7907b41214c51562",
                "sha256:7b2e8600bc6c2d005f8cf47ac5fc99eee45df82c8c71677fb075ca6c2c8ca16b",
                "sha256:7b6a1a17bab8af967e7cfb6b2ec5c5aa8650d0bce4f176cddbf7638e8e02c9e1",
                "sha256:944af97d4d34a2470b5199f1c31d2dfc79cdec7bd7a41354d839a8ab87fdfaa6",
                "sha256:9709fa4b5caa2ebb05e9f12aab3388431970ae5f5a7dad3a7b9670874b469012",
                "sha256:b38056efb99078b06c504adb5f03a8d9e822a5543451737b746028a71c4b1ac3",
                "sha256:b5aceab17228dc6c6d126eb18e2f7801bcb5293eee719a1a240636c6cca970f0",
                "sha256:b6513b2926c60d641f159e79e6fb16460dfb50ebcce31a5af0370c51837c7efc",
                "sha256:b8cf65f386caf97b953fc0b9d363e2e404591de672c7b468eba7483099d7f773",
                "sha256:c0963ec0e81adc95334d6f75c9ce5084ba7b813b7d515470a753ec57f76db6d5",
                "sha256:c178cb784531546ac6bbe2c9a4c4b077fd03d97c4a67c8ea84e1d2a50d872f23",
                "sha256:cabc0aeb58a451627ef07beac16dd28a1a09a4dd554df9f9dd0a76a48a8454e0",
                "sha256:cfa8415504cd06f6bf93e3b7e2f014ee675a66a435dd47f8c70a21880ab92ed6",
                "sha256:d7ce7b63a74566490d4661d3934870741cd0e37c3543cdf73c09c79501f1cf8a",
                "sha256:daa6003fcc199752ab703142021cff74774872a932303b240dc0ea177adf295d",
                "sha256:e0a60d03f2b2656ecf13c717aa9ebc17878862027c549bbb1f7a25226dfc3297",
                "sha256:f06d9b50da0474d7405674d8101c319d89a17d33792d6d429fe3d5c64f0d9df1"
            ],
            "version": "==1.31.2"
        },
        "cytoolz": {
            "hashes": [
                "sha256:84cc06fa40aa310f2df79dd440fc5f84c3e20f01f9f7783fc9c38d0a11ba00e5"
            ],
            "version": "==0.9.0.1"
        },
        "dill": {
            "hashes": [
                "sha256:f6d6046f9f9195206063dd0415dff185ad593d6ee8b0e67f12597c0f4df4986f"
            ],
            "version": "==0.2.9"
        },
        "ftfy": {
            "hashes": [
                "sha256:3c0066db64a98436e751e56414f03f1cdea54f29364c0632c141c36cca6a5d94"
            ],
            "version": "==4.4.3"
        },
        "html5lib": {
            "hashes": [
                "sha256:18f4d63fa56836e3d62e96a44d06fcfe01a9be397a222368ee21403b64c176d2"
            ],
            "version": "==1.0b8"
        },
        "idna": {
            "hashes": [
                "sha256:c357b3f628cf53ae2c4c05627ecc484553142ca23264e593d327bcde5e9c3407",
                "sha256:ea8b7f6188e6fa117537c3df7da9fc686d485087abf6ac197f9c46432f7e4a3c"
            ],
            "version": "==2.8"
        },
        "msgpack": {
            "hashes": [
                "sha256:0cc7ca04e575ba34fea7cfcd76039f55def570e6950e4155a4174368142c8e1b",
                "sha256:187794cd1eb73acccd528247e3565f6760bd842d7dc299241f830024a7dd5610",
                "sha256:1904b7cb65342d0998b75908304a03cb004c63ef31e16c8c43fee6b989d7f0d7",
                "sha256:229a0ccdc39e9b6c6d1033cd8aecd9c296823b6c87f0de3943c59b8bc7c64bee",
                "sha256:24149a75643aeaa81ece4259084d11b792308a6cf74e796cbb35def94c89a25a",
                "sha256:30b88c47e0cdb6062daed88ca283b0d84fa0d2ad6c273aa0788152a1c643e408",
                "sha256:32fea0ea3cd1ef820286863a6202dcfd62a539b8ec3edcbdff76068a8c2cc6ce",
                "sha256:355f7fd0f90134229eaeefaee3cf42e0afc8518e8f3cd4b25f541a7104dcb8f9",
                "sha256:4abdb88a9b67e64810fb54b0c24a1fd76b12297b4f7a1467d85a14dd8367191a",
                "sha256:757bd71a9b89e4f1db0622af4436d403e742506dbea978eba566815dc65ec895",
                "sha256:76df51492bc6fa6cc8b65d09efdb67cbba3cbfe55004c3afc81352af92b4a43c",
                "sha256:774f5edc3475917cd95fe593e625d23d8580f9b48b570d8853d06cac171cd170",
                "sha256:8a3ada8401736df2bf497f65589293a86c56e197a80ae7634ec2c3150a2f5082",
                "sha256:a06efd0482a1942aad209a6c18321b5e22d64eb531ea20af138b28172d8f35ba",
                "sha256:b24afc52e18dccc8c175de07c1d680bdf315844566f4952b5bedb908894bec79",
                "sha256:b8b4bd3dafc7b92608ae5462add1c8cc881851c2d4f5d8977fdea5b081d17f21",
                "sha256:c6e5024fc0cdf7f83b6624850309ddd7e06c48a75fa0d1c5173de4d93300eb19",
                "sha256:db7ff14abc73577b0bcbcf73ecff97d3580ecaa0fc8724babce21fdf3fe08ef6",
                "sha256:dedf54d72d9e7b6d043c244c8213fe2b8bbfe66874b9a65b39c4cc892dd99dd4",
                "sha256:ea3c2f859346fcd55fc46e96885301d9c2f7a36d453f5d8f2967840efa1e1830",
                "sha256:f0f47bafe9c9b8ed03e19a100a743662dd8c6d0135e684feea720a0d0046d116"
            ],
            "version": "==0.6.2"
        },
        "msgpack-numpy": {
            "hashes": [
                "sha256:6947df61826a2917e38dbe07957a0c70dc82dce93ec38153dae850fdd21a4583",
                "sha256:afc603c7cf8497fb125a8c8c713518a004e9662101f088e3d4fcf7688b08eeb3"
            ],
            "version": "==0.4.1"
        },
        "msgpack-python": {
            "hashes": [
                "sha256:378cc8a6d3545b532dfd149da715abae4fda2a3adb6d74e525d0d5e51f46909b"
            ],
            "version": "==0.5.6"
        },
        "murmurhash": {
            "hashes": [
                "sha256:00087c461525ed851e0282c30b4b1b6b560bd7c401efe11af8d9ebdc02c85fe3",
                "sha256:07f22a9e46562619850645b33a2c3a9f6ffaaaf2182d547da461407ee827a656",
                "sha256:40ef662d7ad43e8c638956ce3b2e3989082d4eeb5e807a416279aba4c56d5f58",
                "sha256:469a65512d3ae983428f584bb12dac129d76f07eb034f46142d5e899c67c270d",
                "sha256:481fc93c813e5b6205ea00a79ce2f091c3e5b2668f0e461a9caeeb6dee8df9ae",
                "sha256:5b2f34d65adc5990232914f3ffd59feeba2c9ea00827c2f7a21cb9f690263a38",
                "sha256:64f77393cf4d4413c03d66cde5089d8a372ec31e4df1acaf69caa30407046824",
                "sha256:651137ed3e1169342c9edade454f3beb7fcdf28d4ad1ac232725237eaf442d9a",
                "sha256:7e06ee25cfdf896390c33e71b9624c6429dd792fd022e1462db63995159dcaac",
                "sha256:865f82e4105f6a5f808826d654c76953f86c07fc7842ef18108f48e702f683fc",
                "sha256:a13deec99d5f02f641852cfb3d594421c492da2bf0da6b38fd3c43fb0000e244",
                "sha256:a66e890728a9b19cbeca577755c26f1196822afd3d5f7892cacc89613e03b32f",
                "sha256:b42f64c0d3452abc13e079585b8b358ef874b436a83f59d551558e709d115b9b",
                "sha256:bd237c8513186a03c06a404f984803a70aa4377c621006c23c44d7ec084872f6",
                "sha256:cb80a64c51172659fc6eaa8a9ef4b8f963c8b874c5801e9f9855acc6f4f377fb",
                "sha256:cf15017b1b79bcf8e64cd66df13ab4165f5509cf8b484f9cd892bf50474abc04",
                "sha256:d8505fe596c353e1822609a0b7a62a886d6971430f60b5c769682eb90155ba6e",
                "sha256:d897dc6f859a27d2a48625b015243d000eb6ccc472abf5e69002b0cbaa7de3d9",
                "sha256:dd80ba252d62046a5d7c8beef564c39ee869b23d8a0e8367846c118fa87a6321",
                "sha256:f0f6643d6ead18cd15e30c9ffbb093d0f5bbd0efeab2aba937ffba169fe5a0a4"
            ],
            "version": "==0.28.0"
        },
        "nltk": {
            "hashes": [
                "sha256:bed45551259aa2101381bbdd5df37d44ca2669c5c3dad72439fa459b29137d94"
            ],
            "index": "pypi",
            "version": "==3.4.5"
        },
        "numpy": {
            "hashes": [
                "sha256:12cf4b27039b88e407ad66894d99a957ef60fea0eeb442026af325add2ab264d",
                "sha256:2da8dff91d489fea3e20155d41f4cd680de7d01d9a89fdd0ebb1bee6e72d3800",
                "sha256:377def0873bbb1fbdedb14b3275b10a29b1b55619a3f7f775c4e7f9ce2461b9c",
                "sha256:3d7ddd5bdfb12ec9668edf1aa49a4a3eddb0db4661b57ea431477eb9a2468894",
                "sha256:49880b47d7272f902946dd995f346842c95fe275e2deb3082ef0495f0c718a69",
                "sha256:4e2fc841c8c642f7fd44591ef856ca409cedba6aea27928df34004c533839eee",
                "sha256:6b1011ffc87d7e2b1b7bcc6dc21bdf177163658746ef778dcd21bf0516b9126c",
                "sha256:6b8c2daacbbffc83b4a2ba83a61aa3ce60c66340b07b962bd27b6c6bb175bee1",
                "sha256:788e1757f8e409cd805a7cd82993cd9252fa19e334758a4c6eb5a8b334abb084",
                "sha256:7d4c549e41507db4f04ec7cfab5597de8acf7871b16c9cf64cebcb9d39031ca6",
                "sha256:81b9d8f6450e752bd82e7d9618fa053df8db1725747880e76fb09710b57f78d0",
                "sha256:89b9419019c47ec87cf4cfca77d85da4611cc0be636ec87b5290346490b98450",
                "sha256:9501c9ccd081977ca5579a3ec4009d6baff6bacb04bf07214aade3324734195a",
                "sha256:9b762e78739b6e021124adbea07611682db99cd3fca7f3c3a8b98b8f74ea5699",
                "sha256:a1f5173df8190ef9c6235d260d70ca70c6fb029683ceb66e244c5cc6e335947a",
                "sha256:a3d5dd437112292c707e54f47141be2f1100221242f07eda7bd8477f3ddc2252",
                "sha256:a8bc80f69570e11967763636db9b24c1e3e3689881d10ae793cec74cf7a627b6",
                "sha256:b803306c4c201e7dcda0ce1b9a9c87f61a7c7ce43de2c60c8e56147b76849a1a",
                "sha256:c8000a6cbc5140629be8c038c9c9cdb3a1c85ff90bd4180ec99f0f0c73050b5e",
                "sha256:e2335d56d2fd9fc4e3a3f2d3148aafec4962682375f429f05c45a64dacf19436",
                "sha256:e5ade7a69dccbd99c4fdbb95b6d091d941e62ffa588b0ed8fb0a2854118fef3f",
                "sha256:e8522cad377cc2ef20fe13aae742cc265172910c98e8a0d6014b1a8d564019e2",
                "sha256:fa0944650d5d3fb95869eaacd8eedbd2d83610c85e271bd9d3495ffa9bc4dc9c"
            ],
            "index": "pypi",
            "version": "==1.14.1"
        },
        "pathlib": {
            "hashes": [
                "sha256:6940718dfc3eff4258203ad5021090933e5c04707d5ca8cc9e73c94a7894ea9f"
            ],
            "version": "==1.0.1"
        },
        "plac": {
            "hashes": [
                "sha256:854693ad90367e8267112ffbb8955f57d6fdeac3191791dc9ffce80f87fd2370",
                "sha256:ba3f719a018175f0a15a6b04e6cc79c25fd563d348aacd320c3644d2a9baf89b"
            ],
            "version": "==0.9.6"
        },
        "preshed": {
            "hashes": [
                "sha256:0d3a156953ed49fc924980543aae9802d285e20f08b460f72331166b3685e6ef",
                "sha256:11fa4ea80663580bf8480d3713a11b4997fec0338e9ceac992233af10433be90",
                "sha256:1ae08e4f122a4702c2c37bcb01bcf626714e658140715965efbe4147be4349f0",
                "sha256:24734f6f0d9b6f6aef5b2a4548a58273b914f9c49cb99ca537b4f9868a669cd9",
                "sha256:3a15f27a99c2ea2fd585c3d45468b11e69f84a54d22f26d0b27b95b781df7fa8",
                "sha256:66246aea95cfe5f990df3520ea2c4e3395acdc0dc7824625b2a332a26018c15c",
                "sha256:7b99ace606143a922163a7ff7ad4969b296288f5b20b9c9bda328caec3b92f71",
                "sha256:810a4170bc4746f8135f864cd52584c180ee25e23b939b83431c950b24356e9a",
                "sha256:8717c89fd0aec0bd014f28b3e08fd647e0716c4055d7be6e61ad66cf079d31f5",
                "sha256:8f6bcf62f0fa27d8436bc050a540884a8a9068038e6e1c303df0695b7a4e3ef6",
                "sha256:9a8e118194b184a35f805ad0fbc38ca03b28c362fe8c64019c6b5e1a21385264",
                "sha256:a15ce6a5d7cdb7e90b54c6e4c2854c1098360b4c2d6e32ca0bf88254e75cebbf",
                "sha256:a363eae0a62746e50747356619d0df0fe2aa5b0bb2bfe0aaed222d8d9be59dd6",
                "sha256:a8b059dbfc4ec60ec6b2c6457199b666fec52378543a99dc7dc15e41c78d6f47",
                "sha256:af415752b56999c78f508077cb7d5d10989850d1764fcdb85ea71c08b5b01ca2",
                "sha256:c4b47e3d34e7a11b7383ffc31ae1864baef80310831289c0fadf5f4872a9cc0f",
                "sha256:cc68c3a0dac7d8a94a0c3363032fa4af750d15fe03b4de48c86941598467fb3c",
                "sha256:cd2a0d07ca8d07babfe578df9df83bdfd1be17e79a99229eb908f3faadf57f78",
                "sha256:d17ee11714a07928b67bd523e4e451bd43080e19cb50be92854370b07c0c31bc",
                "sha256:ebca0b22680fc0d46d5f8a0506da022df577935f24f8d67c3e2099acef0178ad",
                "sha256:f7fd8cd5ee414d463d5fb14603b463aac92e9f9fddc02835b2e954aa643d6497",
                "sha256:f935d9632e6efb603cb29944140ed6efe05d34fba8f878ce313fe11b71c017f1",
                "sha256:fcfc25f033d6326d30f20b9cf6a54089b5c31b021f6da1269480bea03c7a1009"
            ],
            "version": "==1.0.1"
        },
        "regex": {
            "hashes": [
                "sha256:19c4b0f68dd97b7116e590f47d60d97ab9e76966acc321b1d20dd87c2b64dff2",
                "sha256:1af6b820bec5ca82af87447af5a6dcc23b3ddc96b0184fd71666be0c24fb2a4f",
                "sha256:232dbc28a2562d92d713c3c1eb2b9276f3ebcbdb6d3e96ff68d0417a71926784",
                "sha256:3d26ce7e605a501509b68c343fc9d9e09f76c2e9e261df8183027bdc750c97ce",
                "sha256:52b590a41b9677314d02d9055edc33992db758b3d5167aa1365229a6a0c26a6d",
                "sha256:565f9aac9cd43b2351f7fcbc0d6056f8aebf4f6d049a17982085019ab9acdf28",
                "sha256:656984899644d3fe2e40533724f513a21127f77162a15dd5244af3c965152c63",
                "sha256:689c9d17c3ba02f52e8481a5c584c8c11ba27d6cc5f939efdd838ae0d0d1af41",
                "sha256:8a9d9db8ef1621ae51ea12acb5e503204b4586e05c6cfd418aecb9466a71bd87",
                "sha256:ad2beea450d551b11b47512ce920127d7c8645e528cc56dc9502c5973e8732f3",
                "sha256:b39867f577bc59b2fec9209facc513c761978e4ac63f4b73b9750a2c1501729e",
                "sha256:b6a7725a069be8f9dd09e1e500e5b57556b301942e21c8c712627f73ec048286",
                "sha256:b9e9b97696e75e826adac1920b13e7bac3a6a2128c085783abd208d73a278d70",
                "sha256:bf4896ed1ca2017153fc6b341bc8a0da8ca5480f85eebd7bfe58bbafceb4e728",
                "sha256:c3c2fe1e0d90f4c93be5b588480f05defd44f64c65767a657de69c4db4429a39",
                "sha256:d811874ed669165fe1059a54f860db5c6ab5f48100bf4945d915fd2f877b2531",
                "sha256:db616380b04e29e5709bc3ec0674e827dfed3d18e7d686c09537ab01506127c9",
                "sha256:efa66273b49dbd7a9f6a4d02d1a7d5bf353d568a89f7cd8927812daa9f83bb84",
                "sha256:f8feab5b517cdc65a61a50549e7dcfa0f61ab872a0034da1f6b8d61775178b6a"
            ],
            "version": "==2017.4.5"
        },
        "requests": {
            "hashes": [
                "sha256:11e007a8a2aa0323f5a921e9e6a2d7e4e67d9877e85773fba9ba6419025cbeb4",
                "sha256:9cf5292fcd0f598c671cfc1e0d7d1a7f13bb8085e9a590f48c010551dc6c4b31"
            ],
            "version": "==2.22.0"
        },
        "singledispatch": {
            "hashes": [
                "sha256:5b06af87df13818d14f08a028e42f566640aef80805c3b50c5056b086e3c2b9c",
                "sha256:833b46966687b3de7f438c761ac475213e53b306740f1abfaa86e1d1aae56aa8"
            ],
            "version": "==3.4.0.3"
        },
        "six": {
            "hashes": [
                "sha256:3350809f0555b11f552448330d0b52d5f24c91a322ea4a15ef22629740f3761c",
                "sha256:d16a0141ec1a18405cd4ce8b4613101da75da0e9a7aec5bdd4fa804d0e0eba73"
            ],
            "version": "==1.12.0"
        },
        "spacy": {
            "hashes": [
                "sha256:4b222ef4b9240d8f9392a1f2390e61302373f7137c826978e67e566be507c17a"
            ],
            "index": "pypi",
            "version": "==2.0.8"
        },
        "thinc": {
            "hashes": [
                "sha256:6e89d60f6165685837ebaff6a978ea9ca2b6c8c551a0886125c27de42e8fcf04"
            ],
            "version": "==6.10.3"
        },
        "toolz": {
            "hashes": [
                "sha256:08fdd5ef7c96480ad11c12d472de21acd32359996f69a5259299b540feba4560"
            ],
            "version": "==0.10.0"
        },
        "tqdm": {
            "hashes": [
                "sha256:4c041f8019f7be65b8028ddde9a836f7ccc51c4637f1ff2ba9b5813d38d19d5a",
                "sha256:df32e6f127dc0ccbc675eadb33f749abbcb8f174c5cb9ec49c0cdb73aa737377"
            ],
            "index": "pypi",
            "version": "==4.19.5"
        },
        "ujson": {
            "hashes": [
                "sha256:f66073e5506e91d204ab0c614a148d5aa938bdbf104751be66f8ad7a222f5f86"
            ],
            "version": "==1.35"
        },
        "urllib3": {
            "hashes": [
                "sha256:3de946ffbed6e6746608990594d08faac602528ac7015ac28d33cee6a45b7398",
                "sha256:9a107b99a5393caf59c7aa3c1249c16e6879447533d0887f4336dde834c7be86"
            ],
            "version": "==1.25.6"
        },
        "wcwidth": {
            "hashes": [
                "sha256:3df37372226d6e63e1b1e1eda15c594bca98a22d33a23832a90998faa96bc65e",
                "sha256:f4ebe71925af7b40a864553f761ed559b43544f8f71746c2d756c7fe788ade7c"
            ],
            "version": "==0.1.7"
        },
        "wrapt": {
            "hashes": [
                "sha256:d4d560d479f2c21e1b5443bbd15fe7ec4b37fe7e53d335d3b9b0a7b1226fe3c6"
            ],
            "version": "==1.10.11"
        }
    },
    "develop": {}
}
