{
    "_meta": {
        "hash": {
            "sha256": "87dd77303aafbae6c6a228a047cfbd179ed6c3a64f6c86849bacf9841b82d015"
        },
        "host-environment-markers": {
            "implementation_name": "cpython",
            "implementation_version": "0",
            "os_name": "posix",
            "platform_machine": "x86_64",
            "platform_python_implementation": "CPython",
            "platform_release": "4.10.0-42-generic",
            "platform_system": "Linux",
            "platform_version": "#46-Ubuntu SMP Mon Dec 4 14:38:01 UTC 2017",
            "python_full_version": "2.7.13",
            "python_version": "2.7",
            "sys_platform": "linux2"
        },
        "pipfile-spec": 6,
        "requires": {
            "python_version": "2.7"
        },
        "sources": [
            {
                "name": "pypi",
                "url": "https://pypi.python.org/simple",
                "verify_ssl": true
            }
        ]
    },
    "default": {
        "certifi": {
            "hashes": [
                "sha256:14131608ad2fd56836d33a71ee60fa1c82bc9d2c8d98b7bdbc631fe1b3cd1296",
                "sha256:edbc3f203427eef571f79a7692bb160a2b0f7ccaa31953e99bd17e307cf63f7d"
            ],
            "version": "==2018.1.18"
        },
        "chardet": {
            "hashes": [
                "sha256:fc323ffcaeaed0e0a02bf4d117757b98aed530d9ed4531e3e15460124c106691",
                "sha256:84ab92ed1c4d4f16916e05906b6b75a6c0fb5db821cc65e70cbd64a3e2a5eaae"
            ],
            "version": "==3.0.4"
        },
        "cymem": {
            "hashes": [
                "sha256:b6513b2926c60d641f159e79e6fb16460dfb50ebcce31a5af0370c51837c7efc",
                "sha256:616d06333f46dd03c128d97912d361183fc02249e6420a7b7907b41214c51562",
                "sha256:944af97d4d34a2470b5199f1c31d2dfc79cdec7bd7a41354d839a8ab87fdfaa6",
                "sha256:50292f4dd0d950a8698bae27d71efe59da7ff08e591b735e08b658aae42c4745",
                "sha256:daa6003fcc199752ab703142021cff74774872a932303b240dc0ea177adf295d",
                "sha256:b38056efb99078b06c504adb5f03a8d9e822a5543451737b746028a71c4b1ac3",
                "sha256:4bc1056b52d959fcbb1e0f32ec84fa131754d6be1e36b65782c6ac86419f4bf3",
                "sha256:0dd61d05977839a922c0d797c355b98949210575918b1743b41e38ae9fb2c3a7",
                "sha256:4c5d9ca6ec706792b8d9b1faf6db77b95545c388c768b21d940f197aa7efbb7e",
                "sha256:00bb3645dfb9a020d735ba3d6f822b04656388180588d8b2cebde967ee678bcc",
                "sha256:f06d9b50da0474d7405674d8101c319d89a17d33792d6d429fe3d5c64f0d9df1"
            ],
            "version": "==1.31.2"
        },
        "cytoolz": {
            "hashes": [
                "sha256:476a2ad176de5eaef80499b7b43d4f72ba6d23df33d349088dae315e9b31c552"
            ],
            "version": "==0.8.2"
        },
        "dill": {
            "hashes": [
                "sha256:97fd758f5fe742d42b11ec8318ecfcff8776bccacbfcec05dfd6276f5d450f73"
            ],
            "version": "==0.2.7.1"
        },
        "ftfy": {
            "hashes": [
                "sha256:3c0066db64a98436e751e56414f03f1cdea54f29364c0632c141c36cca6a5d94"
            ],
            "version": "==4.4.3"
        },
        "html5lib": {
            "hashes": [
                "sha256:20b159aa3badc9d5ee8f5c647e5efd02ed2a66ab8d354930bd9ff139fc1dc0a3",
                "sha256:66cb0dcfdbbc4f9c3ba1a63fdb511ffdbd4f513b2b6d81b80cd26ce6b3fb3736"
            ],
            "version": "==1.0.1"
        },
        "idna": {
            "hashes": [
                "sha256:8c7309c718f94b3a625cb648ace320157ad16ff131ae0af362c9f21b80ef6ec4",
                "sha256:2c6a5de3089009e3da7c5dde64a141dbc8551d5b7f6cf4ed7c2568d0cc520a8f"
            ],
            "version": "==2.6"
        },
        "msgpack-numpy": {
            "hashes": [
                "sha256:6947df61826a2917e38dbe07957a0c70dc82dce93ec38153dae850fdd21a4583",
                "sha256:afc603c7cf8497fb125a8c8c713518a004e9662101f088e3d4fcf7688b08eeb3"
            ],
            "version": "==0.4.1"
        },
        "msgpack-python": {
            "hashes": [
                "sha256:c1f3f8d02206f84258a3b4f99fbc0a4e3c849721c9361196c3bfd5243e4304cd"
            ],
            "version": "==0.5.4"
        },
        "murmurhash": {
            "hashes": [
                "sha256:651137ed3e1169342c9edade454f3beb7fcdf28d4ad1ac232725237eaf442d9a"
            ],
            "version": "==0.28.0"
        },
        "nltk": {
            "hashes": [
                "sha256:8682ae52f5de4f2ba7b77bd78222a38575ad01ef29946214b254dfdf93a3a0eb",
                "sha256:e8c03898fa5bedf29ac93f688a3c26b049e10d563287927afb293aefff872bf4"
            ],
            "version": "==3.2.4"
        },
        "numpy": {
            "hashes": [
                "sha256:91a4f5c6594a61b57b0ab6031a084fa3686b1e847cc2215983e444583594b529",
                "sha256:ab6abc2083013dd86a8fcba2ba16bab00690cb81db62588781d656572809c9a9",
                "sha256:02e6279d95081086469e6ed83c708c4c48ed03a28ab87c71bea28af3b95fa56d",
                "sha256:05a7a81397e1391ae34cc0d14764a31ab6f73dbd0abe0952b3550d3ad4df265d",
                "sha256:73fd54d9787f4f8747f823a7e2d0693da94c66b670ccf436e4bb488bbcd5ce8c",
                "sha256:4b7da62ba159bfc5fee6f54709b0708686ee15081f16dc5f81cda7f1e0e77941",
                "sha256:1980c4bc1eb495624c8414f3763da83b91d37c3c69772ab6912e9a857a143cdb",
                "sha256:436d47018c3cd2b9723ed3cd4ed4698ea7641449c71096781478ef6a20ae3bd0",
                "sha256:43722270fbfb07d91558985a3da37aa92a2d4e2d271182526959a5773f9fb12a",
                "sha256:838e48df3703c8747f355cd6386e0680b906a2f7b2bbd304e8a2d531692484ce",
                "sha256:1400ec59c7f6c4f9390cc3bc5e56a6cbae2c30b39024eef317a0b52fe9c174c6",
                "sha256:ed6a909a78e29a4056e30f918a26b231e33edc77bd785bbceb461877baf9feb5",
                "sha256:c1833829526ce8f5177a3e07554b6c98c194072f66f018839ecd1ef2d15e6c4a",
                "sha256:a09a4707066fe9431c6b79a1be922bc126f4bc50502ae7e9f67d40917d0cc6d4",
                "sha256:9a8515002f143a5934f25ad2aacdfd1fcf57a7f5da6142c439eb8787ef65e8a6",
                "sha256:b49caeb170e54cc59863017a199667a51526bd906bcd5ee340fcf0e01bd7fa94",
                "sha256:405c3dbb6a57415ec8576ff1c0248f332ac1c3be2e5eea04d498dad8431bf57b",
                "sha256:42b3cf886701bb16f3bdf2ae6c39af67b464cdd67d5fc86619ef2a876a23de27",
                "sha256:94cb6ef9ffd15d7d904d0825ada642a51dc8890cdc06f1e4fb8e46cff79fe2ef",
                "sha256:d910a24f536f926bd56fb30d6f17ae8b89a1406e105087a49e014e000b00e8db",
                "sha256:b064211a4d86fc8009ef90c66d1443ba4a0c56d481659e085a190299569955e3",
                "sha256:f4b4b2da8c1b4f7c212742d2be03aa9277d46fd7b309025d930ad554e5739932",
                "sha256:c9b0283776085cb2804efff73e9955ca279ba4edafd58d3ead70b61d209c4fbb"
            ],
            "version": "==1.13.1"
        },
        "pathlib": {
            "hashes": [
                "sha256:6940718dfc3eff4258203ad5021090933e5c04707d5ca8cc9e73c94a7894ea9f"
            ],
            "version": "==1.0.1"
        },
        "plac": {
            "hashes": [
                "sha256:854693ad90367e8267112ffbb8955f57d6fdeac3191791dc9ffce80f87fd2370",
                "sha256:ba3f719a018175f0a15a6b04e6cc79c25fd563d348aacd320c3644d2a9baf89b"
            ],
            "version": "==0.9.6"
        },
        "preshed": {
            "hashes": [
                "sha256:a6b3a9e34634600e3e410ec25e0debed4b65a47eb37514a063d189d1c425b4dd"
            ],
            "version": "==1.0.0"
        },
        "regex": {
            "hashes": [
                "sha256:b39867f577bc59b2fec9209facc513c761978e4ac63f4b73b9750a2c1501729e",
                "sha256:f8feab5b517cdc65a61a50549e7dcfa0f61ab872a0034da1f6b8d61775178b6a",
                "sha256:8a9d9db8ef1621ae51ea12acb5e503204b4586e05c6cfd418aecb9466a71bd87",
                "sha256:ad2beea450d551b11b47512ce920127d7c8645e528cc56dc9502c5973e8732f3",
                "sha256:52b590a41b9677314d02d9055edc33992db758b3d5167aa1365229a6a0c26a6d",
                "sha256:656984899644d3fe2e40533724f513a21127f77162a15dd5244af3c965152c63",
                "sha256:b6a7725a069be8f9dd09e1e500e5b57556b301942e21c8c712627f73ec048286",
                "sha256:1af6b820bec5ca82af87447af5a6dcc23b3ddc96b0184fd71666be0c24fb2a4f",
                "sha256:232dbc28a2562d92d713c3c1eb2b9276f3ebcbdb6d3e96ff68d0417a71926784",
                "sha256:b9e9b97696e75e826adac1920b13e7bac3a6a2128c085783abd208d73a278d70",
                "sha256:689c9d17c3ba02f52e8481a5c584c8c11ba27d6cc5f939efdd838ae0d0d1af41",
                "sha256:c3c2fe1e0d90f4c93be5b588480f05defd44f64c65767a657de69c4db4429a39",
                "sha256:3d26ce7e605a501509b68c343fc9d9e09f76c2e9e261df8183027bdc750c97ce",
                "sha256:efa66273b49dbd7a9f6a4d02d1a7d5bf353d568a89f7cd8927812daa9f83bb84",
                "sha256:565f9aac9cd43b2351f7fcbc0d6056f8aebf4f6d049a17982085019ab9acdf28",
                "sha256:db616380b04e29e5709bc3ec0674e827dfed3d18e7d686c09537ab01506127c9",
                "sha256:bf4896ed1ca2017153fc6b341bc8a0da8ca5480f85eebd7bfe58bbafceb4e728",
                "sha256:19c4b0f68dd97b7116e590f47d60d97ab9e76966acc321b1d20dd87c2b64dff2",
                "sha256:d811874ed669165fe1059a54f860db5c6ab5f48100bf4945d915fd2f877b2531"
            ],
            "version": "==2017.4.5"
        },
        "requests": {
            "hashes": [
                "sha256:6a1b267aa90cac58ac3a765d067950e7dbbf75b1da07e895d1f594193a40a38b",
                "sha256:9c443e7324ba5b85070c4a818ade28bfabedf16ea10206da1132edaa6dda237e"
            ],
            "version": "==2.18.4"
        },
        "six": {
            "hashes": [
                "sha256:832dc0e10feb1aa2c68dcc57dbb658f1c7e65b9b61af69048abc87a2db00a0eb",
                "sha256:70e8a77beed4562e7f14fe23a786b54f6296e34344c23bc42f07b15018ff98e9"
            ],
            "version": "==1.11.0"
        },
        "spacy": {
            "hashes": [
                "sha256:2c683ed75eb9fd1f83ba34fbd5979ed0e6da32b571658b2cce2f8aab41b8dcf0"
            ],
            "version": "==2.0.0"
        },
        "termcolor": {
            "hashes": [
                "sha256:1d6d69ce66211143803fbc56652b41d73b4a400a2891d7bf7a1cdf4c02de613b"
            ],
            "version": "==1.1.0"
        },
        "thinc": {
            "hashes": [
                "sha256:9a1deb850285f76efaf0ae38b605a137a3978826282cc57dcc1e66b779402a76"
            ],
            "version": "==6.10.2"
        },
        "toolz": {
            "hashes": [
                "sha256:929f0a7ea7f61c178bd951bdae93920515d3fbdbafc8e6caf82d752b9b3b31c9"
            ],
            "version": "==0.9.0"
        },
        "tqdm": {
            "hashes": [
                "sha256:9f019dcbec25b5b4cb1bbf43e5c346e0d6a001fe4f598d70283d379e5314e202",
                "sha256:6ec1dc74efacf2cda936b4a6cf4082ce224c76763bdec9f17e437c8cfcaa9953"
            ],
            "version": "==4.15.0"
        },
        "ujson": {
            "hashes": [
                "sha256:f66073e5506e91d204ab0c614a148d5aa938bdbf104751be66f8ad7a222f5f86"
            ],
            "version": "==1.35"
        },
        "urllib3": {
            "hashes": [
                "sha256:06330f386d6e4b195fbfc736b297f58c5a892e4440e54d294d7004e3a9bbea1b",
                "sha256:cc44da8e1145637334317feebd728bd869a35285b93cbb4cca2577da7e62db4f"
            ],
            "version": "==1.22"
        },
        "wcwidth": {
            "hashes": [
                "sha256:f4ebe71925af7b40a864553f761ed559b43544f8f71746c2d756c7fe788ade7c",
                "sha256:3df37372226d6e63e1b1e1eda15c594bca98a22d33a23832a90998faa96bc65e"
            ],
            "version": "==0.1.7"
        },
        "webencodings": {
            "hashes": [
                "sha256:a0af1213f3c2226497a97e2b3aa01a7e4bee4f403f95be16fc9acd2947514a78",
                "sha256:b36a1c245f2d304965eb4e0a82848379241dc04b865afcc4aab16748587e1923"
            ],
            "version": "==0.5.1"
        },
        "wrapt": {
            "hashes": [
                "sha256:d4d560d479f2c21e1b5443bbd15fe7ec4b37fe7e53d335d3b9b0a7b1226fe3c6"
            ],
            "version": "==1.10.11"
        }
    },
    "develop": {}
}
